# This file is generated by running "yarn install" inside your project.
# Manual changes might be lost - proceed with caution!

__metadata:
  version: 8
  cacheKey: 10c0

"root-workspace-0b6124@workspace:.":
  version: 0.0.0-use.local
  resolution: "root-workspace-0b6124@workspace:."
  dependencies:
    yarn: "npm:^1.22.19"
  languageName: unknown
  linkType: soft

"yarn@npm:^1.22.19":
  version: 1.22.19
  resolution: "yarn@npm:1.22.19"
  bin:
    yarn: bin/yarn.js
    yarnpkg: bin/yarn.js
  checksum: a6f9cdf67cca7e11141a18ffc1736a24dd569885b2ec0838982fcf21e5138840c66d9ebfc1846b0b35bc7b415cb985c65d79fb43aa1721b865e4f60c5569062a
  languageName: node
  linkType: hard
